
Microsoft Visual Studio Solution File, Format Version 12.00
# Visual Studio 2012
Project("{FAE04EC0-301F-11D3-BF4B-00C04F79EFBC}") = "RippleRenderer", "RippleRenderer\RippleRenderer.csproj", "{C466D6FF-77EE-41BE-B0BD-41712BADD423}"
EndProject
Project("{FAE04EC0-301F-11D3-BF4B-00C04F79EFBC}") = "RippleRenderer.iOS", "iOS\RippleRenderer.iOS.csproj", "{94864639-19AC-405F-92CF-ED7FA1F839CF}"
EndProject
Project("{FAE04EC0-301F-11D3-BF4B-00C04F79EFBC}") = "RippleRenderer.Droid", "Droid\RippleRenderer.Droid.csproj", "{7A76BF55-A281-4015-A7ED-64E26325DBCB}"
EndProject
Global
	GlobalSection(SolutionConfigurationPlatforms) = preSolution
		Debug|Any CPU = Debug|Any CPU
		Release|Any CPU = Release|Any CPU
		Debug|iPhoneSimulator = Debug|iPhoneSimulator
		Release|iPhone = Release|iPhone
		Release|iPhoneSimulator = Release|iPhoneSimulator
		Debug|iPhone = Debug|iPhone
	EndGlobalSection
	GlobalSection(ProjectConfigurationPlatforms) = postSolution
		{C466D6FF-77EE-41BE-B0BD-41712BADD423}.Debug|Any CPU.ActiveCfg = Debug|Any CPU
		{C466D6FF-77EE-41BE-B0BD-41712BADD423}.Debug|Any CPU.Build.0 = Debug|Any CPU
		{C466D6FF-77EE-41BE-B0BD-41712BADD423}.Release|Any CPU.ActiveCfg = Release|Any CPU
		{C466D6FF-77EE-41BE-B0BD-41712BADD423}.Release|Any CPU.Build.0 = Release|Any CPU
		{C466D6FF-77EE-41BE-B0BD-41712BADD423}.Debug|iPhoneSimulator.ActiveCfg = Debug|Any CPU
		{C466D6FF-77EE-41BE-B0BD-41712BADD423}.Debug|iPhoneSimulator.Build.0 = Debug|Any CPU
		{C466D6FF-77EE-41BE-B0BD-41712BADD423}.Release|iPhone.ActiveCfg = Release|Any CPU
		{C466D6FF-77EE-41BE-B0BD-41712BADD423}.Release|iPhone.Build.0 = Release|Any CPU
		{C466D6FF-77EE-41BE-B0BD-41712BADD423}.Release|iPhoneSimulator.ActiveCfg = Release|Any CPU
		{C466D6FF-77EE-41BE-B0BD-41712BADD423}.Release|iPhoneSimulator.Build.0 = Release|Any CPU
		{C466D6FF-77EE-41BE-B0BD-41712BADD423}.Debug|iPhone.ActiveCfg = Debug|Any CPU
		{C466D6FF-77EE-41BE-B0BD-41712BADD423}.Debug|iPhone.Build.0 = Debug|Any CPU
		{94864639-19AC-405F-92CF-ED7FA1F839CF}.Debug|Any CPU.ActiveCfg = Debug|iPhoneSimulator
		{94864639-19AC-405F-92CF-ED7FA1F839CF}.Debug|Any CPU.Build.0 = Debug|iPhoneSimulator
		{94864639-19AC-405F-92CF-ED7FA1F839CF}.Release|Any CPU.ActiveCfg = Release|iPhone
		{94864639-19AC-405F-92CF-ED7FA1F839CF}.Release|Any CPU.Build.0 = Release|iPhone
		{94864639-19AC-405F-92CF-ED7FA1F839CF}.Debug|iPhoneSimulator.ActiveCfg = Debug|iPhoneSimulator
		{94864639-19AC-405F-92CF-ED7FA1F839CF}.Debug|iPhoneSimulator.Build.0 = Debug|iPhoneSimulator
		{94864639-19AC-405F-92CF-ED7FA1F839CF}.Release|iPhone.ActiveCfg = Release|iPhone
		{94864639-19AC-405F-92CF-ED7FA1F839CF}.Release|iPhone.Build.0 = Release|iPhone
		{94864639-19AC-405F-92CF-ED7FA1F839CF}.Release|iPhoneSimulator.ActiveCfg = Release|iPhoneSimulator
		{94864639-19AC-405F-92CF-ED7FA1F839CF}.Release|iPhoneSimulator.Build.0 = Release|iPhoneSimulator
		{94864639-19AC-405F-92CF-ED7FA1F839CF}.Debug|iPhone.ActiveCfg = Debug|iPhone
		{94864639-19AC-405F-92CF-ED7FA1F839CF}.Debug|iPhone.Build.0 = Debug|iPhone
		{7A76BF55-A281-4015-A7ED-64E26325DBCB}.Debug|Any CPU.ActiveCfg = Debug|Any CPU
		{7A76BF55-A281-4015-A7ED-64E26325DBCB}.Debug|Any CPU.Build.0 = Debug|Any CPU
		{7A76BF55-A281-4015-A7ED-64E26325DBCB}.Release|Any CPU.ActiveCfg = Release|Any CPU
		{7A76BF55-A281-4015-A7ED-64E26325DBCB}.Release|Any CPU.Build.0 = Release|Any CPU
		{7A76BF55-A281-4015-A7ED-64E26325DBCB}.Debug|iPhoneSimulator.ActiveCfg = Debug|Any CPU
		{7A76BF55-A281-4015-A7ED-64E26325DBCB}.Debug|iPhoneSimulator.Build.0 = Debug|Any CPU
		{7A76BF55-A281-4015-A7ED-64E26325DBCB}.Release|iPhone.ActiveCfg = Release|Any CPU
		{7A76BF55-A281-4015-A7ED-64E26325DBCB}.Release|iPhone.Build.0 = Release|Any CPU
		{7A76BF55-A281-4015-A7ED-64E26325DBCB}.Release|iPhoneSimulator.ActiveCfg = Release|Any CPU
		{7A76BF55-A281-4015-A7ED-64E26325DBCB}.Release|iPhoneSimulator.Build.0 = Release|Any CPU
		{7A76BF55-A281-4015-A7ED-64E26325DBCB}.Debug|iPhone.ActiveCfg = Debug|Any CPU
		{7A76BF55-A281-4015-A7ED-64E26325DBCB}.Debug|iPhone.Build.0 = Debug|Any CPU
	EndGlobalSection
EndGlobal
